
Microsoft Visual Studio Solution File, Format Version 12.00
# Visual Studio 2013
VisualStudioVersion = 12.0.30723.0
MinimumVisualStudioVersion = 10.0.40219.1
Project("{FAE04EC0-301F-11D3-BF4B-00C04F79EFBC}") = "SvitlaFolio_v_1._0._0", "SvitlaFolio-v-1.0.0\SvitlaFolio_v_1._0._0.csproj", "{D9E9202C-2249-4A9A-A197-FC0C66957BFF}"
EndProject
Global
	GlobalSection(SolutionConfigurationPlatforms) = preSolution
		Debug|Any CPU = Debug|Any CPU
		Release|Any CPU = Release|Any CPU
	EndGlobalSection
	GlobalSection(ProjectConfigurationPlatforms) = postSolution
		{D9E9202C-2249-4A9A-A197-FC0C66957BFF}.Debug|Any CPU.ActiveCfg = Debug|Any CPU
		{D9E9202C-2249-4A9A-A197-FC0C66957BFF}.Debug|Any CPU.Build.0 = Debug|Any CPU
		{D9E9202C-2249-4A9A-A197-FC0C66957BFF}.Release|Any CPU.ActiveCfg = Release|Any CPU
		{D9E9202C-2249-4A9A-A197-FC0C66957BFF}.Release|Any CPU.Build.0 = Release|Any CPU
	EndGlobalSection
	GlobalSection(SolutionProperties) = preSolution
		HideSolutionNode = FALSE
	EndGlobalSection
EndGlobal
